
Microsoft Visual Studio Solution File, Format Version 12.00
# Visual Studio Version 17
VisualStudioVersion = 17.14.36414.22
MinimumVisualStudioVersion = 10.0.40219.1
Project("{FAE04EC0-301F-11D3-BF4B-00C04F79EFBC}") = "Middleware", "Middleware\Middleware.csproj", "{91526FCD-7B30-4996-9FED-4BBF00A0DB45}"
EndProject
Global
	GlobalSection(SolutionConfigurationPlatforms) = preSolution
		Debug|Any CPU = Debug|Any CPU
		Release|Any CPU = Release|Any CPU
	EndGlobalSection
	GlobalSection(ProjectConfigurationPlatforms) = postSolution
		{91526FCD-7B30-4996-9FED-4BBF00A0DB45}.Debug|Any CPU.ActiveCfg = Debug|Any CPU
		{91526FCD-7B30-4996-9FED-4BBF00A0DB45}.Debug|Any CPU.Build.0 = Debug|Any CPU
		{91526FCD-7B30-4996-9FED-4BBF00A0DB45}.Release|Any CPU.ActiveCfg = Release|Any CPU
		{91526FCD-7B30-4996-9FED-4BBF00A0DB45}.Release|Any CPU.Build.0 = Release|Any CPU
	EndGlobalSection
	GlobalSection(SolutionProperties) = preSolution
		HideSolutionNode = FALSE
	EndGlobalSection
	GlobalSection(ExtensibilityGlobals) = postSolution
		SolutionGuid = {B5173D10-DDC9-4F7F-9BC3-738CE71A15E3}
	EndGlobalSection
EndGlobal
